
Microsoft Visual Studio Solution File, Format Version 12.00
# Visual Studio Version 16
VisualStudioVersion = 16.0.30907.101
MinimumVisualStudioVersion = 10.0.40219.1
Project("{9A19103F-16F7-4668-BE54-9A1E7A4F7556}") = "TiendaServicios.Api.Autor", "TiendaServicios.Api.Autor\TiendaServicios.Api.Autor.csproj", "{6EA1528F-9985-4069-ADD4-8BED894AD14B}"
EndProject
Project("{9A19103F-16F7-4668-BE54-9A1E7A4F7556}") = "TiendaServicios.Api.Libro", "TiendaServicios.Api.Libro\TiendaServicios.Api.Libro.csproj", "{39EEB87D-679D-4EDB-B03F-10561801D80B}"
EndProject
Project("{9A19103F-16F7-4668-BE54-9A1E7A4F7556}") = "TiendaServicios.Api.CarritoCompra", "TiendaServicios.Api.CarritoCompra\TiendaServicios.Api.CarritoCompra.csproj", "{198F6880-D2CA-4A48-B5A3-ED33DF423BAD}"
EndProject
Project("{FAE04EC0-301F-11D3-BF4B-00C04F79EFBC}") = "TiendaServicios.Api.Libros.Tests", "TiendaServicios.Api.Libros.Tests\TiendaServicios.Api.Libros.Tests.csproj", "{BA03C407-DD4C-4E39-A695-4F521097C152}"
EndProject
Global
	GlobalSection(SolutionConfigurationPlatforms) = preSolution
		Debug|Any CPU = Debug|Any CPU
		Release|Any CPU = Release|Any CPU
	EndGlobalSection
	GlobalSection(ProjectConfigurationPlatforms) = postSolution
		{6EA1528F-9985-4069-ADD4-8BED894AD14B}.Debug|Any CPU.ActiveCfg = Debug|Any CPU
		{6EA1528F-9985-4069-ADD4-8BED894AD14B}.Debug|Any CPU.Build.0 = Debug|Any CPU
		{6EA1528F-9985-4069-ADD4-8BED894AD14B}.Release|Any CPU.ActiveCfg = Release|Any CPU
		{6EA1528F-9985-4069-ADD4-8BED894AD14B}.Release|Any CPU.Build.0 = Release|Any CPU
		{39EEB87D-679D-4EDB-B03F-10561801D80B}.Debug|Any CPU.ActiveCfg = Debug|Any CPU
		{39EEB87D-679D-4EDB-B03F-10561801D80B}.Debug|Any CPU.Build.0 = Debug|Any CPU
		{39EEB87D-679D-4EDB-B03F-10561801D80B}.Release|Any CPU.ActiveCfg = Release|Any CPU
		{39EEB87D-679D-4EDB-B03F-10561801D80B}.Release|Any CPU.Build.0 = Release|Any CPU
		{198F6880-D2CA-4A48-B5A3-ED33DF423BAD}.Debug|Any CPU.ActiveCfg = Debug|Any CPU
		{198F6880-D2CA-4A48-B5A3-ED33DF423BAD}.Debug|Any CPU.Build.0 = Debug|Any CPU
		{198F6880-D2CA-4A48-B5A3-ED33DF423BAD}.Release|Any CPU.ActiveCfg = Release|Any CPU
		{198F6880-D2CA-4A48-B5A3-ED33DF423BAD}.Release|Any CPU.Build.0 = Release|Any CPU
		{BA03C407-DD4C-4E39-A695-4F521097C152}.Debug|Any CPU.ActiveCfg = Debug|Any CPU
		{BA03C407-DD4C-4E39-A695-4F521097C152}.Debug|Any CPU.Build.0 = Debug|Any CPU
		{BA03C407-DD4C-4E39-A695-4F521097C152}.Release|Any CPU.ActiveCfg = Release|Any CPU
		{BA03C407-DD4C-4E39-A695-4F521097C152}.Release|Any CPU.Build.0 = Release|Any CPU
	EndGlobalSection
	GlobalSection(SolutionProperties) = preSolution
		HideSolutionNode = FALSE
	EndGlobalSection
	GlobalSection(ExtensibilityGlobals) = postSolution
		SolutionGuid = {A617A24A-7AD2-4A6C-B714-CFC6E5774E63}
	EndGlobalSection
EndGlobal
